
Microsoft Visual Studio Solution File, Format Version 12.00
# Visual Studio Version 16
VisualStudioVersion = 16.0.30503.244
MinimumVisualStudioVersion = 10.0.40219.1
Project("{FAE04EC0-301F-11D3-BF4B-00C04F79EFBC}") = "FindBalancedNumbers", "FindBalancedNumbers\FindBalancedNumbers.csproj", "{BCABAFB1-1217-4B7F-A017-51C0318C3FE9}"
EndProject
Global
	GlobalSection(SolutionConfigurationPlatforms) = preSolution
		Debug|Any CPU = Debug|Any CPU
		Release|Any CPU = Release|Any CPU
	EndGlobalSection
	GlobalSection(ProjectConfigurationPlatforms) = postSolution
		{BCABAFB1-1217-4B7F-A017-51C0318C3FE9}.Debug|Any CPU.ActiveCfg = Debug|Any CPU
		{BCABAFB1-1217-4B7F-A017-51C0318C3FE9}.Debug|Any CPU.Build.0 = Debug|Any CPU
		{BCABAFB1-1217-4B7F-A017-51C0318C3FE9}.Release|Any CPU.ActiveCfg = Release|Any CPU
		{BCABAFB1-1217-4B7F-A017-51C0318C3FE9}.Release|Any CPU.Build.0 = Release|Any CPU
	EndGlobalSection
	GlobalSection(SolutionProperties) = preSolution
		HideSolutionNode = FALSE
	EndGlobalSection
	GlobalSection(ExtensibilityGlobals) = postSolution
		SolutionGuid = {6F6FF119-6B21-46AC-AE37-271152BCA56A}
	EndGlobalSection
EndGlobal
