
Microsoft Visual Studio Solution File, Format Version 12.00
# Visual Studio Version 16
VisualStudioVersion = 16.0.30503.244
MinimumVisualStudioVersion = 10.0.40219.1
Project("{FAE04EC0-301F-11D3-BF4B-00C04F79EFBC}") = "FindLongestArray", "FindLongestArray\FindLongestArray.csproj", "{4D3A3F67-DD76-4A05-94FF-74118E5A3AAA}"
EndProject
Global
	GlobalSection(SolutionConfigurationPlatforms) = preSolution
		Debug|Any CPU = Debug|Any CPU
		Release|Any CPU = Release|Any CPU
	EndGlobalSection
	GlobalSection(ProjectConfigurationPlatforms) = postSolution
		{4D3A3F67-DD76-4A05-94FF-74118E5A3AAA}.Debug|Any CPU.ActiveCfg = Debug|Any CPU
		{4D3A3F67-DD76-4A05-94FF-74118E5A3AAA}.Debug|Any CPU.Build.0 = Debug|Any CPU
		{4D3A3F67-DD76-4A05-94FF-74118E5A3AAA}.Release|Any CPU.ActiveCfg = Release|Any CPU
		{4D3A3F67-DD76-4A05-94FF-74118E5A3AAA}.Release|Any CPU.Build.0 = Release|Any CPU
	EndGlobalSection
	GlobalSection(SolutionProperties) = preSolution
		HideSolutionNode = FALSE
	EndGlobalSection
	GlobalSection(ExtensibilityGlobals) = postSolution
		SolutionGuid = {4325F167-D3A4-4C2A-BA79-8D19B26DB3AC}
	EndGlobalSection
EndGlobal
